{
  "nodes": {
    "logging-src": {
      "flake": false,
      "locked": {
        "lastModified": 1786984754,
        "narHash": "sha256-e83CaeqRQrp1iTpHoIC28u3ib1cIOEGQgRD3jnCL2x0=",
        "owner": "arabbitplays",
        "repo": "Logging-Library",
        "rev": "52edf42f20103e9f164eb634f557fe6b8c17fd93",
        "type": "github"
      },
      "original": {
        "owner": "arabbitplays",
        "repo": "Logging-Library",
        "type": "github"
      }
    },
    "nixpkgs": {
      "locked": {
        "lastModified": 1767480499,
        "narHash": "sha256-8IQQUorUGiSmFaPnLSo2+T+rjHtiNWc+OAzeHck7N48=",
        "owner": "NixOS",
        "repo": "nixpkgs",
        "rev": "30a3c519afcf3f99e2c6df3b359aec5692054d92",
        "type": "github"
      },
      "original": {
        "owner": "NixOS",
        "ref": "nixos-25.11",
        "repo": "nixpkgs",
        "type": "github"
      }
    },
    "root": {
      "inputs": {
        "logging-src": "logging-src",
        "nixpkgs": "nixpkgs",
        "terminal-renderer-src": "terminal-renderer-src"
      }
    },
    "terminal-renderer-src": {
      "flake": false,
      "locked": {
        "lastModified": 1786986476,
        "narHash": "sha256-AhsCXMsJ9dHDcCbqDc8eftMz98I1vwbhm5YXis19Ljg=",
        "owner": "arabbitplays",
        "repo": "Terminal-Renderer-Library",
        "rev": "eee32a85d0d55b706b8ac9785ceea8c926a7685a",
        "type": "github"
      },
      "original": {
        "owner": "arabbitplays",
        "repo": "Terminal-Renderer-Library",
        "type": "github"
      }
    }
  },
  "root": "root",
  "version": 7
}
